// !$*UTF8*$!
{
	archiveVersion = 1;
	classes = {
	};
	objectVersion = 54;
	objects = {

/* Begin PBXBuildFile section */
		5D64AC0028D0879500FFEC29 /* libswiftCoreGraphics.tbd in Frameworks */ = {isa = PBXBuildFile; fileRef = 5D64ABFF28D0878A00FFEC29 /* libswiftCoreGraphics.tbd */; };
		E570563E2BCE523400A95ECE /* ConstraintLayoutGuide.swift in Sources */ = {isa = PBXBuildFile; fileRef = E570561A2BCE523400A95ECE /* ConstraintLayoutGuide.swift */; };
		E570563F2BCE523400A95ECE /* Info.plist in Resources */ = {isa = PBXBuildFile; fileRef = E570561B2BCE523400A95ECE /* Info.plist */; };
		E57056402BCE523400A95ECE /* Typealiases.swift in Sources */ = {isa = PBXBuildFile; fileRef = E570561C2BCE523400A95ECE /* Typealiases.swift */; };
		E57056412BCE523400A95ECE /* ConstraintDescription.swift in Sources */ = {isa = PBXBuildFile; fileRef = E570561D2BCE523400A95ECE /* ConstraintDescription.swift */; };
		E57056422BCE523400A95ECE /* ConstraintMaker.swift in Sources */ = {isa = PBXBuildFile; fileRef = E570561E2BCE523400A95ECE /* ConstraintMaker.swift */; };
		E57056432BCE523400A95ECE /* ConstraintLayoutGuide+Extensions.swift in Sources */ = {isa = PBXBuildFile; fileRef = E570561F2BCE523400A95ECE /* ConstraintLayoutGuide+Extensions.swift */; };
		E57056442BCE523400A95ECE /* ConstraintView.swift in Sources */ = {isa = PBXBuildFile; fileRef = E57056202BCE523400A95ECE /* ConstraintView.swift */; };
		E57056452BCE523400A95ECE /* ConstraintPriority.swift in Sources */ = {isa = PBXBuildFile; fileRef = E57056212BCE523400A95ECE /* ConstraintPriority.swift */; };
		E57056462BCE523400A95ECE /* ConstraintRelatableTarget.swift in Sources */ = {isa = PBXBuildFile; fileRef = E57056222BCE523400A95ECE /* ConstraintRelatableTarget.swift */; };
		E57056472BCE523400A95ECE /* LayoutConstraintItem.swift in Sources */ = {isa = PBXBuildFile; fileRef = E57056232BCE523400A95ECE /* LayoutConstraintItem.swift */; };
		E57056482BCE523400A95ECE /* Constraint.swift in Sources */ = {isa = PBXBuildFile; fileRef = E57056242BCE523400A95ECE /* Constraint.swift */; };
		E57056492BCE523400A95ECE /* ConstraintInsetTarget.swift in Sources */ = {isa = PBXBuildFile; fileRef = E57056252BCE523400A95ECE /* ConstraintInsetTarget.swift */; };
		E570564A2BCE523400A95ECE /* ConstraintItem.swift in Sources */ = {isa = PBXBuildFile; fileRef = E57056262BCE523400A95ECE /* ConstraintItem.swift */; };
		E570564B2BCE523400A95ECE /* ConstraintMakerRelatable.swift in Sources */ = {isa = PBXBuildFile; fileRef = E57056272BCE523400A95ECE /* ConstraintMakerRelatable.swift */; };
		E570564C2BCE523400A95ECE /* ConstraintLayoutSupport.swift in Sources */ = {isa = PBXBuildFile; fileRef = E57056282BCE523400A95ECE /* ConstraintLayoutSupport.swift */; };
		E570564D2BCE523400A95ECE /* ConstraintConstantTarget.swift in Sources */ = {isa = PBXBuildFile; fileRef = E57056292BCE523400A95ECE /* ConstraintConstantTarget.swift */; };
		E570564E2BCE523400A95ECE /* ConstraintAttributes.swift in Sources */ = {isa = PBXBuildFile; fileRef = E570562A2BCE523400A95ECE /* ConstraintAttributes.swift */; };
		E570564F2BCE523400A95ECE /* LayoutConstraint.swift in Sources */ = {isa = PBXBuildFile; fileRef = E570562B2BCE523400A95ECE /* LayoutConstraint.swift */; };
		E57056502BCE523400A95ECE /* ConstraintDSL.swift in Sources */ = {isa = PBXBuildFile; fileRef = E570562C2BCE523400A95ECE /* ConstraintDSL.swift */; };
		E57056512BCE523400A95ECE /* UILayoutSupport+Extensions.swift in Sources */ = {isa = PBXBuildFile; fileRef = E570562D2BCE523400A95ECE /* UILayoutSupport+Extensions.swift */; };
		E57056522BCE523400A95ECE /* ConstraintViewDSL.swift in Sources */ = {isa = PBXBuildFile; fileRef = E570562E2BCE523400A95ECE /* ConstraintViewDSL.swift */; };
		E57056532BCE523400A95ECE /* ConstraintPriorityTarget.swift in Sources */ = {isa = PBXBuildFile; fileRef = E570562F2BCE523400A95ECE /* ConstraintPriorityTarget.swift */; };
		E57056542BCE523400A95ECE /* ConstraintMultiplierTarget.swift in Sources */ = {isa = PBXBuildFile; fileRef = E57056302BCE523400A95ECE /* ConstraintMultiplierTarget.swift */; };
		E57056552BCE523400A95ECE /* ConstraintOffsetTarget.swift in Sources */ = {isa = PBXBuildFile; fileRef = E57056312BCE523400A95ECE /* ConstraintOffsetTarget.swift */; };
		E57056562BCE523400A95ECE /* ConstraintRelation.swift in Sources */ = {isa = PBXBuildFile; fileRef = E57056322BCE523400A95ECE /* ConstraintRelation.swift */; };
		E57056572BCE523400A95ECE /* Debugging.swift in Sources */ = {isa = PBXBuildFile; fileRef = E57056332BCE523400A95ECE /* Debugging.swift */; };
		E57056582BCE523400A95ECE /* ConstraintInsets.swift in Sources */ = {isa = PBXBuildFile; fileRef = E57056342BCE523400A95ECE /* ConstraintInsets.swift */; };
		E57056592BCE523400A95ECE /* ConstraintLayoutGuideDSL.swift in Sources */ = {isa = PBXBuildFile; fileRef = E57056352BCE523400A95ECE /* ConstraintLayoutGuideDSL.swift */; };
		E570565A2BCE523400A95ECE /* ConstraintMakerFinalizable.swift in Sources */ = {isa = PBXBuildFile; fileRef = E57056362BCE523400A95ECE /* ConstraintMakerFinalizable.swift */; };
		E570565B2BCE523400A95ECE /* SnapKit.h in Headers */ = {isa = PBXBuildFile; fileRef = E57056372BCE523400A95ECE /* SnapKit.h */; };
		E570565C2BCE523400A95ECE /* ConstraintMakerExtendable.swift in Sources */ = {isa = PBXBuildFile; fileRef = E57056382BCE523400A95ECE /* ConstraintMakerExtendable.swift */; };
		E570565D2BCE523400A95ECE /* ConstraintMakerPriortizable.swift in Sources */ = {isa = PBXBuildFile; fileRef = E57056392BCE523400A95ECE /* ConstraintMakerPriortizable.swift */; };
		E570565E2BCE523400A95ECE /* ConstraintMakerEditable.swift in Sources */ = {isa = PBXBuildFile; fileRef = E570563A2BCE523400A95ECE /* ConstraintMakerEditable.swift */; };
		E570565F2BCE523400A95ECE /* ConstraintConfig.swift in Sources */ = {isa = PBXBuildFile; fileRef = E570563B2BCE523400A95ECE /* ConstraintConfig.swift */; };
		E57056602BCE523400A95ECE /* ConstraintView+Extensions.swift in Sources */ = {isa = PBXBuildFile; fileRef = E570563C2BCE523400A95ECE /* ConstraintView+Extensions.swift */; };
		E57056612BCE523400A95ECE /* ConstraintLayoutSupportDSL.swift in Sources */ = {isa = PBXBuildFile; fileRef = E570563D2BCE523400A95ECE /* ConstraintLayoutSupportDSL.swift */; };
		EE4910991B19A40200A54F1F /* SnapKit.framework in Frameworks */ = {isa = PBXBuildFile; fileRef = EEBCC9D819CC627D0083B827 /* SnapKit.framework */; };
		EEECE4BD2B4160D800738EF0 /* PrivacyInfo.xcprivacy in Resources */ = {isa = PBXBuildFile; fileRef = EEECE4BC2B4160D200738EF0 /* PrivacyInfo.xcprivacy */; };
		EEECE4BE2B4160D900738EF0 /* PrivacyInfo.xcprivacy in Resources */ = {isa = PBXBuildFile; fileRef = EEECE4BC2B4160D200738EF0 /* PrivacyInfo.xcprivacy */; };
/* End PBXBuildFile section */

/* Begin PBXFileReference section */
		537DCE9A1C35CD4100B5B899 /* UIKit.framework */ = {isa = PBXFileReference; lastKnownFileType = wrapper.framework; name = UIKit.framework; path = Platforms/AppleTVOS.platform/Developer/SDKs/AppleTVOS9.1.sdk/System/Library/Frameworks/UIKit.framework; sourceTree = DEVELOPER_DIR; };
		5D64ABFF28D0878A00FFEC29 /* libswiftCoreGraphics.tbd */ = {isa = PBXFileReference; lastKnownFileType = "sourcecode.text-based-dylib-definition"; name = libswiftCoreGraphics.tbd; path = Platforms/AppleTVOS.platform/Developer/SDKs/AppleTVOS16.0.sdk/usr/lib/swift/libswiftCoreGraphics.tbd; sourceTree = DEVELOPER_DIR; };
		E570561A2BCE523400A95ECE /* ConstraintLayoutGuide.swift */ = {isa = PBXFileReference; fileEncoding = 4; lastKnownFileType = sourcecode.swift; path = ConstraintLayoutGuide.swift; sourceTree = "<group>"; };
		E570561B2BCE523400A95ECE /* Info.plist */ = {isa = PBXFileReference; fileEncoding = 4; lastKnownFileType = text.plist.xml; path = Info.plist; sourceTree = "<group>"; };
		E570561C2BCE523400A95ECE /* Typealiases.swift */ = {isa = PBXFileReference; fileEncoding = 4; lastKnownFileType = sourcecode.swift; path = Typealiases.swift; sourceTree = "<group>"; };
		E570561D2BCE523400A95ECE /* ConstraintDescription.swift */ = {isa = PBXFileReference; fileEncoding = 4; lastKnownFileType = sourcecode.swift; path = ConstraintDescription.swift; sourceTree = "<group>"; };
		E570561E2BCE523400A95ECE /* ConstraintMaker.swift */ = {isa = PBXFileReference; fileEncoding = 4; lastKnownFileType = sourcecode.swift; path = ConstraintMaker.swift; sourceTree = "<group>"; };
		E570561F2BCE523400A95ECE /* ConstraintLayoutGuide+Extensions.swift */ = {isa = PBXFileReference; fileEncoding = 4; lastKnownFileType = sourcecode.swift; path = "ConstraintLayoutGuide+Extensions.swift"; sourceTree = "<group>"; };
		E57056202BCE523400A95ECE /* ConstraintView.swift */ = {isa = PBXFileReference; fileEncoding = 4; lastKnownFileType = sourcecode.swift; path = ConstraintView.swift; sourceTree = "<group>"; };
		E57056212BCE523400A95ECE /* ConstraintPriority.swift */ = {isa = PBXFileReference; fileEncoding = 4; lastKnownFileType = sourcecode.swift; path = ConstraintPriority.swift; sourceTree = "<group>"; };
		E57056222BCE523400A95ECE /* ConstraintRelatableTarget.swift */ = {isa = PBXFileReference; fileEncoding = 4; lastKnownFileType = sourcecode.swift; path = ConstraintRelatableTarget.swift; sourceTree = "<group>"; };
		E57056232BCE523400A95ECE /* LayoutConstraintItem.swift */ = {isa = PBXFileReference; fileEncoding = 4; lastKnownFileType = sourcecode.swift; path = LayoutConstraintItem.swift; sourceTree = "<group>"; };
		E57056242BCE523400A95ECE /* Constraint.swift */ = {isa = PBXFileReference; fileEncoding = 4; lastKnownFileType = sourcecode.swift; path = Constraint.swift; sourceTree = "<group>"; };
		E57056252BCE523400A95ECE /* ConstraintInsetTarget.swift */ = {isa = PBXFileReference; fileEncoding = 4; lastKnownFileType = sourcecode.swift; path = ConstraintInsetTarget.swift; sourceTree = "<group>"; };
		E57056262BCE523400A95ECE /* ConstraintItem.swift */ = {isa = PBXFileReference; fileEncoding = 4; lastKnownFileType = sourcecode.swift; path = ConstraintItem.swift; sourceTree = "<group>"; };
		E57056272BCE523400A95ECE /* ConstraintMakerRelatable.swift */ = {isa = PBXFileReference; fileEncoding = 4; lastKnownFileType = sourcecode.swift; path = ConstraintMakerRelatable.swift; sourceTree = "<group>"; };
		E57056282BCE523400A95ECE /* ConstraintLayoutSupport.swift */ = {isa = PBXFileReference; fileEncoding = 4; lastKnownFileType = sourcecode.swift; path = ConstraintLayoutSupport.swift; sourceTree = "<group>"; };
		E57056292BCE523400A95ECE /* ConstraintConstantTarget.swift */ = {isa = PBXFileReference; fileEncoding = 4; lastKnownFileType = sourcecode.swift; path = ConstraintConstantTarget.swift; sourceTree = "<group>"; };
		E570562A2BCE523400A95ECE /* ConstraintAttributes.swift */ = {isa = PBXFileReference; fileEncoding = 4; lastKnownFileType = sourcecode.swift; path = ConstraintAttributes.swift; sourceTree = "<group>"; };
		E570562B2BCE523400A95ECE /* LayoutConstraint.swift */ = {isa = PBXFileReference; fileEncoding = 4; lastKnownFileType = sourcecode.swift; path = LayoutConstraint.swift; sourceTree = "<group>"; };
		E570562C2BCE523400A95ECE /* ConstraintDSL.swift */ = {isa = PBXFileReference; fileEncoding = 4; lastKnownFileType = sourcecode.swift; path = ConstraintDSL.swift; sourceTree = "<group>"; };
		E570562D2BCE523400A95ECE /* UILayoutSupport+Extensions.swift */ = {isa = PBXFileReference; fileEncoding = 4; lastKnownFileType = sourcecode.swift; path = "UILayoutSupport+Extensions.swift"; sourceTree = "<group>"; };
		E570562E2BCE523400A95ECE /* ConstraintViewDSL.swift */ = {isa = PBXFileReference; fileEncoding = 4; lastKnownFileType = sourcecode.swift; path = ConstraintViewDSL.swift; sourceTree = "<group>"; };
		E570562F2BCE523400A95ECE /* ConstraintPriorityTarget.swift */ = {isa = PBXFileReference; fileEncoding = 4; lastKnownFileType = sourcecode.swift; path = ConstraintPriorityTarget.swift; sourceTree = "<group>"; };
		E57056302BCE523400A95ECE /* ConstraintMultiplierTarget.swift */ = {isa = PBXFileReference; fileEncoding = 4; lastKnownFileType = sourcecode.swift; path = ConstraintMultiplierTarget.swift; sourceTree = "<group>"; };
		E57056312BCE523400A95ECE /* ConstraintOffsetTarget.swift */ = {isa = PBXFileReference; fileEncoding = 4; lastKnownFileType = sourcecode.swift; path = ConstraintOffsetTarget.swift; sourceTree = "<group>"; };
		E57056322BCE523400A95ECE /* ConstraintRelation.swift */ = {isa = PBXFileReference; fileEncoding = 4; lastKnownFileType = sourcecode.swift; path = ConstraintRelation.swift; sourceTree = "<group>"; };
		E57056332BCE523400A95ECE /* Debugging.swift */ = {isa = PBXFileReference; fileEncoding = 4; lastKnownFileType = sourcecode.swift; path = Debugging.swift; sourceTree = "<group>"; };
		E57056342BCE523400A95ECE /* ConstraintInsets.swift */ = {isa = PBXFileReference; fileEncoding = 4; lastKnownFileType = sourcecode.swift; path = ConstraintInsets.swift; sourceTree = "<group>"; };
		E57056352BCE523400A95ECE /* ConstraintLayoutGuideDSL.swift */ = {isa = PBXFileReference; fileEncoding = 4; lastKnownFileType = sourcecode.swift; path = ConstraintLayoutGuideDSL.swift; sourceTree = "<group>"; };
		E57056362BCE523400A95ECE /* ConstraintMakerFinalizable.swift */ = {isa = PBXFileReference; fileEncoding = 4; lastKnownFileType = sourcecode.swift; path = ConstraintMakerFinalizable.swift; sourceTree = "<group>"; };
		E57056372BCE523400A95ECE /* SnapKit.h */ = {isa = PBXFileReference; fileEncoding = 4; lastKnownFileType = sourcecode.c.h; path = SnapKit.h; sourceTree = "<group>"; };
		E57056382BCE523400A95ECE /* ConstraintMakerExtendable.swift */ = {isa = PBXFileReference; fileEncoding = 4; lastKnownFileType = sourcecode.swift; path = ConstraintMakerExtendable.swift; sourceTree = "<group>"; };
		E57056392BCE523400A95ECE /* ConstraintMakerPriortizable.swift */ = {isa = PBXFileReference; fileEncoding = 4; lastKnownFileType = sourcecode.swift; path = ConstraintMakerPriortizable.swift; sourceTree = "<group>"; };
		E570563A2BCE523400A95ECE /* ConstraintMakerEditable.swift */ = {isa = PBXFileReference; fileEncoding = 4; lastKnownFileType = sourcecode.swift; path = ConstraintMakerEditable.swift; sourceTree = "<group>"; };
		E570563B2BCE523400A95ECE /* ConstraintConfig.swift */ = {isa = PBXFileReference; fileEncoding = 4; lastKnownFileType = sourcecode.swift; path = ConstraintConfig.swift; sourceTree = "<group>"; };
		E570563C2BCE523400A95ECE /* ConstraintView+Extensions.swift */ = {isa = PBXFileReference; fileEncoding = 4; lastKnownFileType = sourcecode.swift; path = "ConstraintView+Extensions.swift"; sourceTree = "<group>"; };
		E570563D2BCE523400A95ECE /* ConstraintLayoutSupportDSL.swift */ = {isa = PBXFileReference; fileEncoding = 4; lastKnownFileType = sourcecode.swift; path = ConstraintLayoutSupportDSL.swift; sourceTree = "<group>"; };
		EE6DB559251D9A6B00E0C374 /* Info.plist */ = {isa = PBXFileReference; fileEncoding = 4; lastKnownFileType = text.plist.xml; path = Info.plist; sourceTree = "<group>"; };
		EE94F6081AC0F10A008767FF /* UIKit.framework */ = {isa = PBXFileReference; lastKnownFileType = wrapper.framework; name = UIKit.framework; path = System/Library/Frameworks/UIKit.framework; sourceTree = SDKROOT; };
		EE94F60A1AC0F10F008767FF /* AppKit.framework */ = {isa = PBXFileReference; lastKnownFileType = wrapper.framework; name = AppKit.framework; path = Platforms/MacOSX.platform/Developer/SDKs/MacOSX10.10.sdk/System/Library/Frameworks/AppKit.framework; sourceTree = DEVELOPER_DIR; };
		EEBCC9D819CC627D0083B827 /* SnapKit.framework */ = {isa = PBXFileReference; explicitFileType = wrapper.framework; includeInIndex = 0; path = SnapKit.framework; sourceTree = BUILT_PRODUCTS_DIR; };
		EEBCC9E219CC627E0083B827 /* SnapKit Tests.xctest */ = {isa = PBXFileReference; explicitFileType = wrapper.cfbundle; includeInIndex = 0; path = "SnapKit Tests.xctest"; sourceTree = BUILT_PRODUCTS_DIR; };
		EEECE4BC2B4160D200738EF0 /* PrivacyInfo.xcprivacy */ = {isa = PBXFileReference; lastKnownFileType = text.xml; path = PrivacyInfo.xcprivacy; sourceTree = "<group>"; };
/* End PBXFileReference section */

/* Begin PBXFrameworksBuildPhase section */
		EE94F60E1AC0F136008767FF /* Frameworks */ = {
			isa = PBXFrameworksBuildPhase;
			buildActionMask = 2147483647;
			files = (
				EE4910991B19A40200A54F1F /* SnapKit.framework in Frameworks */,
			);
			runOnlyForDeploymentPostprocessing = 0;
		};
		EEBCC9D419CC627D0083B827 /* Frameworks */ = {
			isa = PBXFrameworksBuildPhase;
			buildActionMask = 2147483647;
			files = (
				5D64AC0028D0879500FFEC29 /* libswiftCoreGraphics.tbd in Frameworks */,
			);
			runOnlyForDeploymentPostprocessing = 0;
		};
/* End PBXFrameworksBuildPhase section */

/* Begin PBXGroup section */
		DDC9FD8C1981B4DD009612C7 = {
			isa = PBXGroup;
			children = (
				EE6DB557251D9A6B00E0C374 /* Supporting Files */,
				EECDB35D1AC0C95C006BBC11 /* Sources */,
				EE94F60C1AC0F113008767FF /* Frameworks */,
				DDC9FD961981B4DD009612C7 /* Products */,
			);
			sourceTree = "<group>";
		};
		DDC9FD961981B4DD009612C7 /* Products */ = {
			isa = PBXGroup;
			children = (
				EEBCC9D819CC627D0083B827 /* SnapKit.framework */,
				EEBCC9E219CC627E0083B827 /* SnapKit Tests.xctest */,
			);
			name = Products;
			sourceTree = "<group>";
		};
		EE6DB557251D9A6B00E0C374 /* Supporting Files */ = {
			isa = PBXGroup;
			children = (
				EE6DB559251D9A6B00E0C374 /* Info.plist */,
			);
			path = "Supporting Files";
			sourceTree = "<group>";
		};
		EE94F60C1AC0F113008767FF /* Frameworks */ = {
			isa = PBXGroup;
			children = (
				5D64ABFF28D0878A00FFEC29 /* libswiftCoreGraphics.tbd */,
				537DCE9A1C35CD4100B5B899 /* UIKit.framework */,
				EE94F60A1AC0F10F008767FF /* AppKit.framework */,
				EE94F6081AC0F10A008767FF /* UIKit.framework */,
			);
			name = Frameworks;
			sourceTree = "<group>";
		};
		EECDB35D1AC0C95C006BBC11 /* Sources */ = {
			isa = PBXGroup;
			children = (
				E57056242BCE523400A95ECE /* Constraint.swift */,
				E570562A2BCE523400A95ECE /* ConstraintAttributes.swift */,
				E570563B2BCE523400A95ECE /* ConstraintConfig.swift */,
				E57056292BCE523400A95ECE /* ConstraintConstantTarget.swift */,
				E570561D2BCE523400A95ECE /* ConstraintDescription.swift */,
				E570562C2BCE523400A95ECE /* ConstraintDSL.swift */,
				E57056342BCE523400A95ECE /* ConstraintInsets.swift */,
				E57056252BCE523400A95ECE /* ConstraintInsetTarget.swift */,
				E57056262BCE523400A95ECE /* ConstraintItem.swift */,
				E570561A2BCE523400A95ECE /* ConstraintLayoutGuide.swift */,
				E570561F2BCE523400A95ECE /* ConstraintLayoutGuide+Extensions.swift */,
				E57056352BCE523400A95ECE /* ConstraintLayoutGuideDSL.swift */,
				E57056282BCE523400A95ECE /* ConstraintLayoutSupport.swift */,
				E570563D2BCE523400A95ECE /* ConstraintLayoutSupportDSL.swift */,
				E570561E2BCE523400A95ECE /* ConstraintMaker.swift */,
				E570563A2BCE523400A95ECE /* ConstraintMakerEditable.swift */,
				E57056382BCE523400A95ECE /* ConstraintMakerExtendable.swift */,
				E57056362BCE523400A95ECE /* ConstraintMakerFinalizable.swift */,
				E57056392BCE523400A95ECE /* ConstraintMakerPriortizable.swift */,
				E57056272BCE523400A95ECE /* ConstraintMakerRelatable.swift */,
				E57056302BCE523400A95ECE /* ConstraintMultiplierTarget.swift */,
				E57056312BCE523400A95ECE /* ConstraintOffsetTarget.swift */,
				E57056212BCE523400A95ECE /* ConstraintPriority.swift */,
				E570562F2BCE523400A95ECE /* ConstraintPriorityTarget.swift */,
				E57056222BCE523400A95ECE /* ConstraintRelatableTarget.swift */,
				E57056322BCE523400A95ECE /* ConstraintRelation.swift */,
				E57056202BCE523400A95ECE /* ConstraintView.swift */,
				E570563C2BCE523400A95ECE /* ConstraintView+Extensions.swift */,
				E570562E2BCE523400A95ECE /* ConstraintViewDSL.swift */,
				E57056332BCE523400A95ECE /* Debugging.swift */,
				E570561B2BCE523400A95ECE /* Info.plist */,
				E570562B2BCE523400A95ECE /* LayoutConstraint.swift */,
				E57056232BCE523400A95ECE /* LayoutConstraintItem.swift */,
				E57056372BCE523400A95ECE /* SnapKit.h */,
				E570561C2BCE523400A95ECE /* Typealiases.swift */,
				E570562D2BCE523400A95ECE /* UILayoutSupport+Extensions.swift */,
				EEECE4BC2B4160D200738EF0 /* PrivacyInfo.xcprivacy */,
			);
			path = Sources;
			sourceTree = "<group>";
		};
/* End PBXGroup section */

/* Begin PBXHeadersBuildPhase section */
		EEBCC9D519CC627D0083B827 /* Headers */ = {
			isa = PBXHeadersBuildPhase;
			buildActionMask = 2147483647;
			files = (
				E570565B2BCE523400A95ECE /* SnapKit.h in Headers */,
			);
			runOnlyForDeploymentPostprocessing = 0;
		};
/* End PBXHeadersBuildPhase section */

/* Begin PBXNativeTarget section */
		EEBCC9D719CC627D0083B827 /* SnapKit */ = {
			isa = PBXNativeTarget;
			buildConfigurationList = EEBCC9E819CC627E0083B827 /* Build configuration list for PBXNativeTarget "SnapKit" */;
			buildPhases = (
				EEBCC9D319CC627D0083B827 /* Sources */,
				EEBCC9D419CC627D0083B827 /* Frameworks */,
				EEBCC9D519CC627D0083B827 /* Headers */,
				EEBCC9D619CC627D0083B827 /* Resources */,
			);
			buildRules = (
			);
			dependencies = (
			);
			name = SnapKit;
			productName = SnapKit;
			productReference = EEBCC9D819CC627D0083B827 /* SnapKit.framework */;
			productType = "com.apple.product-type.framework";
		};
		EEBCC9E119CC627D0083B827 /* SnapKit Tests */ = {
			isa = PBXNativeTarget;
			buildConfigurationList = EEBCC9EB19CC627E0083B827 /* Build configuration list for PBXNativeTarget "SnapKit Tests" */;
			buildPhases = (
				EEBCC9DE19CC627D0083B827 /* Sources */,
				EE94F60E1AC0F136008767FF /* Frameworks */,
				EEBCC9E019CC627D0083B827 /* Resources */,
			);
			buildRules = (
			);
			dependencies = (
			);
			name = "SnapKit Tests";
			productName = SnapKitTests;
			productReference = EEBCC9E219CC627E0083B827 /* SnapKit Tests.xctest */;
			productType = "com.apple.product-type.bundle.unit-test";
		};
/* End PBXNativeTarget section */

/* Begin PBXProject section */
		DDC9FD8D1981B4DD009612C7 /* Project object */ = {
			isa = PBXProject;
			attributes = {
				BuildIndependentTargetsInParallel = YES;
				LastSwiftUpdateCheck = 0720;
				LastUpgradeCheck = 1500;
				ORGANIZATIONNAME = "SnapKit Team";
				TargetAttributes = {
					EEBCC9D719CC627D0083B827 = {
						CreatedOnToolsVersion = 6.0;
						LastSwiftMigration = 1530;
					};
					EEBCC9E119CC627D0083B827 = {
						CreatedOnToolsVersion = 6.0;
						LastSwiftMigration = 1020;
						ProvisioningStyle = Automatic;
					};
				};
			};
			buildConfigurationList = DDC9FD901981B4DD009612C7 /* Build configuration list for PBXProject "SnapKit" */;
			compatibilityVersion = "Xcode 3.2";
			developmentRegion = en;
			hasScannedForEncodings = 0;
			knownRegions = (
				en,
				Base,
			);
			mainGroup = DDC9FD8C1981B4DD009612C7;
			productRefGroup = DDC9FD961981B4DD009612C7 /* Products */;
			projectDirPath = "";
			projectRoot = "";
			targets = (
				EEBCC9D719CC627D0083B827 /* SnapKit */,
				EEBCC9E119CC627D0083B827 /* SnapKit Tests */,
			);
		};
/* End PBXProject section */

/* Begin PBXResourcesBuildPhase section */
		EEBCC9D619CC627D0083B827 /* Resources */ = {
			isa = PBXResourcesBuildPhase;
			buildActionMask = 2147483647;
			files = (
				E570563F2BCE523400A95ECE /* Info.plist in Resources */,
				EEECE4BD2B4160D800738EF0 /* PrivacyInfo.xcprivacy in Resources */,
			);
			runOnlyForDeploymentPostprocessing = 0;
		};
		EEBCC9E019CC627D0083B827 /* Resources */ = {
			isa = PBXResourcesBuildPhase;
			buildActionMask = 2147483647;
			files = (
				EEECE4BE2B4160D900738EF0 /* PrivacyInfo.xcprivacy in Resources */,
			);
			runOnlyForDeploymentPostprocessing = 0;
		};
/* End PBXResourcesBuildPhase section */

/* Begin PBXSourcesBuildPhase section */
		EEBCC9D319CC627D0083B827 /* Sources */ = {
			isa = PBXSourcesBuildPhase;
			buildActionMask = 2147483647;
			files = (
				E57056542BCE523400A95ECE /* ConstraintMultiplierTarget.swift in Sources */,
				E57056402BCE523400A95ECE /* Typealiases.swift in Sources */,
				E57056522BCE523400A95ECE /* ConstraintViewDSL.swift in Sources */,
				E570564E2BCE523400A95ECE /* ConstraintAttributes.swift in Sources */,
				E57056552BCE523400A95ECE /* ConstraintOffsetTarget.swift in Sources */,
				E57056502BCE523400A95ECE /* ConstraintDSL.swift in Sources */,
				E57056452BCE523400A95ECE /* ConstraintPriority.swift in Sources */,
				E57056472BCE523400A95ECE /* LayoutConstraintItem.swift in Sources */,
				E57056462BCE523400A95ECE /* ConstraintRelatableTarget.swift in Sources */,
				E57056432BCE523400A95ECE /* ConstraintLayoutGuide+Extensions.swift in Sources */,
				E57056422BCE523400A95ECE /* ConstraintMaker.swift in Sources */,
				E570565C2BCE523400A95ECE /* ConstraintMakerExtendable.swift in Sources */,
				E570565F2BCE523400A95ECE /* ConstraintConfig.swift in Sources */,
				E570564C2BCE523400A95ECE /* ConstraintLayoutSupport.swift in Sources */,
				E57056532BCE523400A95ECE /* ConstraintPriorityTarget.swift in Sources */,
				E570565D2BCE523400A95ECE /* ConstraintMakerPriortizable.swift in Sources */,
				E570565E2BCE523400A95ECE /* ConstraintMakerEditable.swift in Sources */,
				E57056442BCE523400A95ECE /* ConstraintView.swift in Sources */,
				E57056612BCE523400A95ECE /* ConstraintLayoutSupportDSL.swift in Sources */,
				E570563E2BCE523400A95ECE /* ConstraintLayoutGuide.swift in Sources */,
				E57056492BCE523400A95ECE /* ConstraintInsetTarget.swift in Sources */,
				E57056482BCE523400A95ECE /* Constraint.swift in Sources */,
				E57056572BCE523400A95ECE /* Debugging.swift in Sources */,
				E570565A2BCE523400A95ECE /* ConstraintMakerFinalizable.swift in Sources */,
				E57056602BCE523400A95ECE /* ConstraintView+Extensions.swift in Sources */,
				E57056412BCE523400A95ECE /* ConstraintDescription.swift in Sources */,
				E570564D2BCE523400A95ECE /* ConstraintConstantTarget.swift in Sources */,
				E57056582BCE523400A95ECE /* ConstraintInsets.swift in Sources */,
				E570564F2BCE523400A95ECE /* LayoutConstraint.swift in Sources */,
				E57056512BCE523400A95ECE /* UILayoutSupport+Extensions.swift in Sources */,
				E570564B2BCE523400A95ECE /* ConstraintMakerRelatable.swift in Sources */,
				E57056562BCE523400A95ECE /* ConstraintRelation.swift in Sources */,
				E570564A2BCE523400A95ECE /* ConstraintItem.swift in Sources */,
				E57056592BCE523400A95ECE /* ConstraintLayoutGuideDSL.swift in Sources */,
			);
			runOnlyForDeploymentPostprocessing = 0;
		};
		EEBCC9DE19CC627D0083B827 /* Sources */ = {
			isa = PBXSourcesBuildPhase;
			buildActionMask = 2147483647;
			files = (
			);
			runOnlyForDeploymentPostprocessing = 0;
		};
/* End PBXSourcesBuildPhase section */

/* Begin XCBuildConfiguration section */
		DDC9FDAF1981B4DD009612C7 /* Debug */ = {
			isa = XCBuildConfiguration;
			buildSettings = {
				ALWAYS_SEARCH_USER_PATHS = NO;
				CLANG_ANALYZER_LOCALIZABILITY_NONLOCALIZED = YES;
				CLANG_CXX_LANGUAGE_STANDARD = "gnu++0x";
				CLANG_CXX_LIBRARY = "libc++";
				CLANG_ENABLE_MODULES = YES;
				CLANG_ENABLE_OBJC_ARC = YES;
				CLANG_WARN_BLOCK_CAPTURE_AUTORELEASING = YES;
				CLANG_WARN_BOOL_CONVERSION = YES;
				CLANG_WARN_COMMA = YES;
				CLANG_WARN_CONSTANT_CONVERSION = YES;
				CLANG_WARN_DEPRECATED_OBJC_IMPLEMENTATIONS = YES;
				CLANG_WARN_DIRECT_OBJC_ISA_USAGE = YES_ERROR;
				CLANG_WARN_EMPTY_BODY = YES;
				CLANG_WARN_ENUM_CONVERSION = YES;
				CLANG_WARN_INFINITE_RECURSION = YES;
				CLANG_WARN_INT_CONVERSION = YES;
				CLANG_WARN_NON_LITERAL_NULL_CONVERSION = YES;
				CLANG_WARN_OBJC_IMPLICIT_RETAIN_SELF = YES;
				CLANG_WARN_OBJC_LITERAL_CONVERSION = YES;
				CLANG_WARN_OBJC_ROOT_CLASS = YES_ERROR;
				CLANG_WARN_QUOTED_INCLUDE_IN_FRAMEWORK_HEADER = YES;
				CLANG_WARN_RANGE_LOOP_ANALYSIS = YES;
				CLANG_WARN_STRICT_PROTOTYPES = YES;
				CLANG_WARN_SUSPICIOUS_MOVE = YES;
				CLANG_WARN_UNREACHABLE_CODE = YES;
				CLANG_WARN__DUPLICATE_METHOD_MATCH = YES;
				COPY_PHASE_STRIP = NO;
				DEBUG_INFORMATION_FORMAT = dwarf;
				ENABLE_STRICT_OBJC_MSGSEND = YES;
				ENABLE_TESTABILITY = YES;
				ENABLE_USER_SCRIPT_SANDBOXING = YES;
				GCC_C_LANGUAGE_STANDARD = gnu99;
				GCC_DYNAMIC_NO_PIC = NO;
				GCC_NO_COMMON_BLOCKS = YES;
				GCC_OPTIMIZATION_LEVEL = 0;
				GCC_PREPROCESSOR_DEFINITIONS = (
					"DEBUG=1",
					"$(inherited)",
				);
				GCC_SYMBOLS_PRIVATE_EXTERN = NO;
				GCC_WARN_64_TO_32_BIT_CONVERSION = YES;
				GCC_WARN_ABOUT_RETURN_TYPE = YES_ERROR;
				GCC_WARN_UNDECLARED_SELECTOR = YES;
				GCC_WARN_UNINITIALIZED_AUTOS = YES_AGGRESSIVE;
				GCC_WARN_UNUSED_FUNCTION = YES;
				GCC_WARN_UNUSED_VARIABLE = YES;
				IPHONEOS_DEPLOYMENT_TARGET = 8.0;
				MACOSX_DEPLOYMENT_TARGET = 10.10;
				MTL_ENABLE_DEBUG_INFO = YES;
				ONLY_ACTIVE_ARCH = YES;
				PRODUCT_BUNDLE_PACKAGE_TYPE = BNDL;
				SUPPORTED_PLATFORMS = "macosx iphonesimulator iphoneos appletvsimulator appletvos";
				SWIFT_OPTIMIZATION_LEVEL = "-Onone";
				SWIFT_VERSION = 3.0;
				TARGETED_DEVICE_FAMILY = "1,2,3,4";
				TVOS_DEPLOYMENT_TARGET = 9.0;
			};
			name = Debug;
		};
		DDC9FDB01981B4DD009612C7 /* Release */ = {
			isa = XCBuildConfiguration;
			buildSettings = {
				ALWAYS_SEARCH_USER_PATHS = NO;
				CLANG_ANALYZER_LOCALIZABILITY_NONLOCALIZED = YES;
				CLANG_CXX_LANGUAGE_STANDARD = "gnu++0x";
				CLANG_CXX_LIBRARY = "libc++";
				CLANG_ENABLE_MODULES = YES;
				CLANG_ENABLE_OBJC_ARC = YES;
				CLANG_WARN_BLOCK_CAPTURE_AUTORELEASING = YES;
				CLANG_WARN_BOOL_CONVERSION = YES;
				CLANG_WARN_COMMA = YES;
				CLANG_WARN_CONSTANT_CONVERSION = YES;
				CLANG_WARN_DEPRECATED_OBJC_IMPLEMENTATIONS = YES;
				CLANG_WARN_DIRECT_OBJC_ISA_USAGE = YES_ERROR;
				CLANG_WARN_EMPTY_BODY = YES;
				CLANG_WARN_ENUM_CONVERSION = YES;
				CLANG_WARN_INFINITE_RECURSION = YES;
				CLANG_WARN_INT_CONVERSION = YES;
				CLANG_WARN_NON_LITERAL_NULL_CONVERSION = YES;
				CLANG_WARN_OBJC_IMPLICIT_RETAIN_SELF = YES;
				CLANG_WARN_OBJC_LITERAL_CONVERSION = YES;
				CLANG_WARN_OBJC_ROOT_CLASS = YES_ERROR;
				CLANG_WARN_QUOTED_INCLUDE_IN_FRAMEWORK_HEADER = YES;
				CLANG_WARN_RANGE_LOOP_ANALYSIS = YES;
				CLANG_WARN_STRICT_PROTOTYPES = YES;
				CLANG_WARN_SUSPICIOUS_MOVE = YES;
				CLANG_WARN_UNREACHABLE_CODE = YES;
				CLANG_WARN__DUPLICATE_METHOD_MATCH = YES;
				COPY_PHASE_STRIP = NO;
				DEBUG_INFORMATION_FORMAT = "dwarf-with-dsym";
				ENABLE_NS_ASSERTIONS = NO;
				ENABLE_STRICT_OBJC_MSGSEND = YES;
				ENABLE_USER_SCRIPT_SANDBOXING = YES;
				GCC_C_LANGUAGE_STANDARD = gnu99;
				GCC_NO_COMMON_BLOCKS = YES;
				GCC_WARN_64_TO_32_BIT_CONVERSION = YES;
				GCC_WARN_ABOUT_RETURN_TYPE = YES_ERROR;
				GCC_WARN_UNDECLARED_SELECTOR = YES;
				GCC_WARN_UNINITIALIZED_AUTOS = YES_AGGRESSIVE;
				GCC_WARN_UNUSED_FUNCTION = YES;
				GCC_WARN_UNUSED_VARIABLE = YES;
				IPHONEOS_DEPLOYMENT_TARGET = 8.0;
				MACOSX_DEPLOYMENT_TARGET = 10.10;
				MTL_ENABLE_DEBUG_INFO = NO;
				PRODUCT_BUNDLE_PACKAGE_TYPE = BNDL;
				SUPPORTED_PLATFORMS = "macosx iphonesimulator iphoneos appletvsimulator appletvos";
				SWIFT_VERSION = 3.0;
				TARGETED_DEVICE_FAMILY = "1,2,3,4";
				TVOS_DEPLOYMENT_TARGET = 9.0;
			};
			name = Release;
		};
		EEBCC9E919CC627E0083B827 /* Debug */ = {
			isa = XCBuildConfiguration;
			buildSettings = {
				APPLICATION_EXTENSION_API_ONLY = YES;
				CLANG_ENABLE_MODULES = YES;
				CURRENT_PROJECT_VERSION = 1.0.0;
				DEFINES_MODULE = YES;
				DYLIB_COMPATIBILITY_VERSION = 1;
				DYLIB_CURRENT_VERSION = 1;
				DYLIB_INSTALL_NAME_BASE = "@rpath";
				ENABLE_MODULE_VERIFIER = YES;
				INFOPLIST_FILE = "$(SRCROOT)/Supporting Files/Info.plist";
				IPHONEOS_DEPLOYMENT_TARGET = 12.0;
				LD_RUNPATH_SEARCH_PATHS = (
					"$(inherited)",
					"@executable_path/Frameworks",
					"@loader_path/Frameworks",
				);
				MACOSX_DEPLOYMENT_TARGET = 10.13;
				MODULE_VERIFIER_SUPPORTED_LANGUAGES = "objective-c objective-c++";
				MODULE_VERIFIER_SUPPORTED_LANGUAGE_STANDARDS = "gnu99 gnu++11";
				PRODUCT_BUNDLE_IDENTIFIER = "io.snapkit.$(PRODUCT_NAME:rfc1034identifier)";
				PRODUCT_BUNDLE_PACKAGE_TYPE = FMWK;
				PRODUCT_NAME = SnapKit;
				SKIP_INSTALL = YES;
				SWIFT_ACTIVE_COMPILATION_CONDITIONS = DEBUG;
				SWIFT_OPTIMIZATION_LEVEL = "-Onone";
				SWIFT_VERSION = 5.0;
				VERSIONING_SYSTEM = "apple-generic";
			};
			name = Debug;
		};
		EEBCC9EA19CC627E0083B827 /* Release */ = {
			isa = XCBuildConfiguration;
			buildSettings = {
				APPLICATION_EXTENSION_API_ONLY = YES;
				CLANG_ENABLE_MODULES = YES;
				CURRENT_PROJECT_VERSION = 1.0.0;
				DEFINES_MODULE = YES;
				DYLIB_COMPATIBILITY_VERSION = 1;
				DYLIB_CURRENT_VERSION = 1;
				DYLIB_INSTALL_NAME_BASE = "@rpath";
				ENABLE_MODULE_VERIFIER = YES;
				INFOPLIST_FILE = "$(SRCROOT)/Supporting Files/Info.plist";
				IPHONEOS_DEPLOYMENT_TARGET = 12.0;
				LD_RUNPATH_SEARCH_PATHS = (
					"$(inherited)",
					"@executable_path/Frameworks",
					"@loader_path/Frameworks",
				);
				MACOSX_DEPLOYMENT_TARGET = 10.13;
				MODULE_VERIFIER_SUPPORTED_LANGUAGES = "objective-c objective-c++";
				MODULE_VERIFIER_SUPPORTED_LANGUAGE_STANDARDS = "gnu99 gnu++11";
				PRODUCT_BUNDLE_IDENTIFIER = "io.snapkit.$(PRODUCT_NAME:rfc1034identifier)";
				PRODUCT_BUNDLE_PACKAGE_TYPE = FMWK;
				PRODUCT_NAME = SnapKit;
				SKIP_INSTALL = YES;
				SWIFT_COMPILATION_MODE = wholemodule;
				SWIFT_OPTIMIZATION_LEVEL = "-O";
				SWIFT_VERSION = 5.0;
				VERSIONING_SYSTEM = "apple-generic";
			};
			name = Release;
		};
		EEBCC9EC19CC627E0083B827 /* Debug */ = {
			isa = XCBuildConfiguration;
			buildSettings = {
				"CODE_SIGN_IDENTITY[sdk=iphoneos*]" = "iPhone Developer";
				DEVELOPMENT_TEAM = "";
				INFOPLIST_FILE = "$(SRCROOT)/Tests/SnapKitTests/Info.plist";
				IPHONEOS_DEPLOYMENT_TARGET = 10.0;
				LD_RUNPATH_SEARCH_PATHS = (
					"$(inherited)",
					"@executable_path/Frameworks",
					"@loader_path/Frameworks",
					"@loader_path/../Frameworks",
					"@executable_path/../Frameworks",
				);
				MACOSX_DEPLOYMENT_TARGET = 10.11;
				PRODUCT_BUNDLE_IDENTIFIER = "io.snapkit.$(PRODUCT_NAME:rfc1034identifier)";
				PRODUCT_NAME = "$(TARGET_NAME)";
				SWIFT_VERSION = 4.2;
			};
			name = Debug;
		};
		EEBCC9ED19CC627E0083B827 /* Release */ = {
			isa = XCBuildConfiguration;
			buildSettings = {
				"CODE_SIGN_IDENTITY[sdk=iphoneos*]" = "iPhone Developer";
				DEVELOPMENT_TEAM = "";
				INFOPLIST_FILE = "$(SRCROOT)/Tests/SnapKitTests/Info.plist";
				IPHONEOS_DEPLOYMENT_TARGET = 10.0;
				LD_RUNPATH_SEARCH_PATHS = (
					"$(inherited)",
					"@executable_path/Frameworks",
					"@loader_path/Frameworks",
					"@loader_path/../Frameworks",
					"@executable_path/../Frameworks",
				);
				MACOSX_DEPLOYMENT_TARGET = 10.11;
				PRODUCT_BUNDLE_IDENTIFIER = "io.snapkit.$(PRODUCT_NAME:rfc1034identifier)";
				PRODUCT_NAME = "$(TARGET_NAME)";
				SWIFT_COMPILATION_MODE = wholemodule;
				SWIFT_OPTIMIZATION_LEVEL = "-O";
				SWIFT_VERSION = 4.2;
			};
			name = Release;
		};
/* End XCBuildConfiguration section */

/* Begin XCConfigurationList section */
		DDC9FD901981B4DD009612C7 /* Build configuration list for PBXProject "SnapKit" */ = {
			isa = XCConfigurationList;
			buildConfigurations = (
				DDC9FDAF1981B4DD009612C7 /* Debug */,
				DDC9FDB01981B4DD009612C7 /* Release */,
			);
			defaultConfigurationIsVisible = 0;
			defaultConfigurationName = Release;
		};
		EEBCC9E819CC627E0083B827 /* Build configuration list for PBXNativeTarget "SnapKit" */ = {
			isa = XCConfigurationList;
			buildConfigurations = (
				EEBCC9E919CC627E0083B827 /* Debug */,
				EEBCC9EA19CC627E0083B827 /* Release */,
			);
			defaultConfigurationIsVisible = 0;
			defaultConfigurationName = Release;
		};
		EEBCC9EB19CC627E0083B827 /* Build configuration list for PBXNativeTarget "SnapKit Tests" */ = {
			isa = XCConfigurationList;
			buildConfigurations = (
				EEBCC9EC19CC627E0083B827 /* Debug */,
				EEBCC9ED19CC627E0083B827 /* Release */,
			);
			defaultConfigurationIsVisible = 0;
			defaultConfigurationName = Release;
		};
/* End XCConfigurationList section */
	};
	rootObject = DDC9FD8D1981B4DD009612C7 /* Project object */;
}
